
Microsoft Visual Studio Solution File, Format Version 12.00
# Visual Studio Version 17
VisualStudioVersion = 17.0.31903.59
MinimumVisualStudioVersion = 10.0.40219.1
Project("{2150E333-8FDC-42A3-9474-1A3956D46DE8}") = "src", "src", "{827E0CD3-B72D-47B6-A68D-7590B98EB39B}"
EndProject
Project("{FAE04EC0-301F-11D3-BF4B-00C04F79EFBC}") = "Genesis.API", "src\Genesis.API\Genesis.API.csproj", "{64706BD6-E473-4834-ACE8-2B02E99E2573}"
EndProject
Project("{FAE04EC0-301F-11D3-BF4B-00C04F79EFBC}") = "Genesis.Application", "src\Genesis.Application\Genesis.Application.csproj", "{96DFDEC3-8F0C-460E-9960-795F41C7E071}"
EndProject
Project("{FAE04EC0-301F-11D3-BF4B-00C04F79EFBC}") = "Genesis.Domain", "src\Genesis.Domain\Genesis.Domain.csproj", "{090A2942-48A4-45A5-91FB-0DC555CF4D63}"
EndProject
Project("{FAE04EC0-301F-11D3-BF4B-00C04F79EFBC}") = "Genesis.Infrastructure", "src\Genesis.Infrastructure\Genesis.Infrastructure.csproj", "{39D7BEF4-61EB-45BC-A25E-59ED811C927C}"
EndProject
Project("{FAE04EC0-301F-11D3-BF4B-00C04F79EFBC}") = "Genesis.Shared", "src\Genesis.Shared\Genesis.Shared.csproj", "{1EA46542-EDCE-4E61-85D3-92EA93A35142}"
EndProject
Project("{2150E333-8FDC-42A3-9474-1A3956D46DE8}") = "tests", "tests", "{0AB3BF05-4346-4AA6-1389-037BE0695223}"
EndProject
Project("{FAE04EC0-301F-11D3-BF4B-00C04F79EFBC}") = "Genesis.Tests", "tests\Genesis.Tests\Genesis.Tests.csproj", "{D05EDADA-5B00-4A80-8841-0CA85ABF0AEE}"
EndProject
Global
	GlobalSection(SolutionConfigurationPlatforms) = preSolution
		Debug|Any CPU = Debug|Any CPU
		Debug|x64 = Debug|x64
		Debug|x86 = Debug|x86
		Release|Any CPU = Release|Any CPU
		Release|x64 = Release|x64
		Release|x86 = Release|x86
	EndGlobalSection
	GlobalSection(ProjectConfigurationPlatforms) = postSolution
		{64706BD6-E473-4834-ACE8-2B02E99E2573}.Debug|Any CPU.ActiveCfg = Debug|Any CPU
		{64706BD6-E473-4834-ACE8-2B02E99E2573}.Debug|Any CPU.Build.0 = Debug|Any CPU
		{64706BD6-E473-4834-ACE8-2B02E99E2573}.Debug|x64.ActiveCfg = Debug|Any CPU
		{64706BD6-E473-4834-ACE8-2B02E99E2573}.Debug|x64.Build.0 = Debug|Any CPU
		{64706BD6-E473-4834-ACE8-2B02E99E2573}.Debug|x86.ActiveCfg = Debug|Any CPU
		{64706BD6-E473-4834-ACE8-2B02E99E2573}.Debug|x86.Build.0 = Debug|Any CPU
		{64706BD6-E473-4834-ACE8-2B02E99E2573}.Release|Any CPU.ActiveCfg = Release|Any CPU
		{64706BD6-E473-4834-ACE8-2B02E99E2573}.Release|Any CPU.Build.0 = Release|Any CPU
		{64706BD6-E473-4834-ACE8-2B02E99E2573}.Release|x64.ActiveCfg = Release|Any CPU
		{64706BD6-E473-4834-ACE8-2B02E99E2573}.Release|x64.Build.0 = Release|Any CPU
		{64706BD6-E473-4834-ACE8-2B02E99E2573}.Release|x86.ActiveCfg = Release|Any CPU
		{64706BD6-E473-4834-ACE8-2B02E99E2573}.Release|x86.Build.0 = Release|Any CPU
		{96DFDEC3-8F0C-460E-9960-795F41C7E071}.Debug|Any CPU.ActiveCfg = Debug|Any CPU
		{96DFDEC3-8F0C-460E-9960-795F41C7E071}.Debug|Any CPU.Build.0 = Debug|Any CPU
		{96DFDEC3-8F0C-460E-9960-795F41C7E071}.Debug|x64.ActiveCfg = Debug|Any CPU
		{96DFDEC3-8F0C-460E-9960-795F41C7E071}.Debug|x64.Build.0 = Debug|Any CPU
		{96DFDEC3-8F0C-460E-9960-795F41C7E071}.Debug|x86.ActiveCfg = Debug|Any CPU
		{96DFDEC3-8F0C-460E-9960-795F41C7E071}.Debug|x86.Build.0 = Debug|Any CPU
		{96DFDEC3-8F0C-460E-9960-795F41C7E071}.Release|Any CPU.ActiveCfg = Release|Any CPU
		{96DFDEC3-8F0C-460E-9960-795F41C7E071}.Release|Any CPU.Build.0 = Release|Any CPU
		{96DFDEC3-8F0C-460E-9960-795F41C7E071}.Release|x64.ActiveCfg = Release|Any CPU
		{96DFDEC3-8F0C-460E-9960-795F41C7E071}.Release|x64.Build.0 = Release|Any CPU
		{96DFDEC3-8F0C-460E-9960-795F41C7E071}.Release|x86.ActiveCfg = Release|Any CPU
		{96DFDEC3-8F0C-460E-9960-795F41C7E071}.Release|x86.Build.0 = Release|Any CPU
		{090A2942-48A4-45A5-91FB-0DC555CF4D63}.Debug|Any CPU.ActiveCfg = Debug|Any CPU
		{090A2942-48A4-45A5-91FB-0DC555CF4D63}.Debug|Any CPU.Build.0 = Debug|Any CPU
		{090A2942-48A4-45A5-91FB-0DC555CF4D63}.Debug|x64.ActiveCfg = Debug|Any CPU
		{090A2942-48A4-45A5-91FB-0DC555CF4D63}.Debug|x64.Build.0 = Debug|Any CPU
		{090A2942-48A4-45A5-91FB-0DC555CF4D63}.Debug|x86.ActiveCfg = Debug|Any CPU
		{090A2942-48A4-45A5-91FB-0DC555CF4D63}.Debug|x86.Build.0 = Debug|Any CPU
		{090A2942-48A4-45A5-91FB-0DC555CF4D63}.Release|Any CPU.ActiveCfg = Release|Any CPU
		{090A2942-48A4-45A5-91FB-0DC555CF4D63}.Release|Any CPU.Build.0 = Release|Any CPU
		{090A2942-48A4-45A5-91FB-0DC555CF4D63}.Release|x64.ActiveCfg = Release|Any CPU
		{090A2942-48A4-45A5-91FB-0DC555CF4D63}.Release|x64.Build.0 = Release|Any CPU
		{090A2942-48A4-45A5-91FB-0DC555CF4D63}.Release|x86.ActiveCfg = Release|Any CPU
		{090A2942-48A4-45A5-91FB-0DC555CF4D63}.Release|x86.Build.0 = Release|Any CPU
		{39D7BEF4-61EB-45BC-A25E-59ED811C927C}.Debug|Any CPU.ActiveCfg = Debug|Any CPU
		{39D7BEF4-61EB-45BC-A25E-59ED811C927C}.Debug|Any CPU.Build.0 = Debug|Any CPU
		{39D7BEF4-61EB-45BC-A25E-59ED811C927C}.Debug|x64.ActiveCfg = Debug|Any CPU
		{39D7BEF4-61EB-45BC-A25E-59ED811C927C}.Debug|x64.Build.0 = Debug|Any CPU
		{39D7BEF4-61EB-45BC-A25E-59ED811C927C}.Debug|x86.ActiveCfg = Debug|Any CPU
		{39D7BEF4-61EB-45BC-A25E-59ED811C927C}.Debug|x86.Build.0 = Debug|Any CPU
		{39D7BEF4-61EB-45BC-A25E-59ED811C927C}.Release|Any CPU.ActiveCfg = Release|Any CPU
		{39D7BEF4-61EB-45BC-A25E-59ED811C927C}.Release|Any CPU.Build.0 = Release|Any CPU
		{39D7BEF4-61EB-45BC-A25E-59ED811C927C}.Release|x64.ActiveCfg = Release|Any CPU
		{39D7BEF4-61EB-45BC-A25E-59ED811C927C}.Release|x64.Build.0 = Release|Any CPU
		{39D7BEF4-61EB-45BC-A25E-59ED811C927C}.Release|x86.ActiveCfg = Release|Any CPU
		{39D7BEF4-61EB-45BC-A25E-59ED811C927C}.Release|x86.Build.0 = Release|Any CPU
		{1EA46542-EDCE-4E61-85D3-92EA93A35142}.Debug|Any CPU.ActiveCfg = Debug|Any CPU
		{1EA46542-EDCE-4E61-85D3-92EA93A35142}.Debug|Any CPU.Build.0 = Debug|Any CPU
		{1EA46542-EDCE-4E61-85D3-92EA93A35142}.Debug|x64.ActiveCfg = Debug|Any CPU
		{1EA46542-EDCE-4E61-85D3-92EA93A35142}.Debug|x64.Build.0 = Debug|Any CPU
		{1EA46542-EDCE-4E61-85D3-92EA93A35142}.Debug|x86.ActiveCfg = Debug|Any CPU
		{1EA46542-EDCE-4E61-85D3-92EA93A35142}.Debug|x86.Build.0 = Debug|Any CPU
		{1EA46542-EDCE-4E61-85D3-92EA93A35142}.Release|Any CPU.ActiveCfg = Release|Any CPU
		{1EA46542-EDCE-4E61-85D3-92EA93A35142}.Release|Any CPU.Build.0 = Release|Any CPU
		{1EA46542-EDCE-4E61-85D3-92EA93A35142}.Release|x64.ActiveCfg = Release|Any CPU
		{1EA46542-EDCE-4E61-85D3-92EA93A35142}.Release|x64.Build.0 = Release|Any CPU
		{1EA46542-EDCE-4E61-85D3-92EA93A35142}.Release|x86.ActiveCfg = Release|Any CPU
		{1EA46542-EDCE-4E61-85D3-92EA93A35142}.Release|x86.Build.0 = Release|Any CPU
		{D05EDADA-5B00-4A80-8841-0CA85ABF0AEE}.Debug|Any CPU.ActiveCfg = Debug|Any CPU
		{D05EDADA-5B00-4A80-8841-0CA85ABF0AEE}.Debug|Any CPU.Build.0 = Debug|Any CPU
		{D05EDADA-5B00-4A80-8841-0CA85ABF0AEE}.Debug|x64.ActiveCfg = Debug|Any CPU
		{D05EDADA-5B00-4A80-8841-0CA85ABF0AEE}.Debug|x64.Build.0 = Debug|Any CPU
		{D05EDADA-5B00-4A80-8841-0CA85ABF0AEE}.Debug|x86.ActiveCfg = Debug|Any CPU
		{D05EDADA-5B00-4A80-8841-0CA85ABF0AEE}.Debug|x86.Build.0 = Debug|Any CPU
		{D05EDADA-5B00-4A80-8841-0CA85ABF0AEE}.Release|Any CPU.ActiveCfg = Release|Any CPU
		{D05EDADA-5B00-4A80-8841-0CA85ABF0AEE}.Release|Any CPU.Build.0 = Release|Any CPU
		{D05EDADA-5B00-4A80-8841-0CA85ABF0AEE}.Release|x64.ActiveCfg = Release|Any CPU
		{D05EDADA-5B00-4A80-8841-0CA85ABF0AEE}.Release|x64.Build.0 = Release|Any CPU
		{D05EDADA-5B00-4A80-8841-0CA85ABF0AEE}.Release|x86.ActiveCfg = Release|Any CPU
		{D05EDADA-5B00-4A80-8841-0CA85ABF0AEE}.Release|x86.Build.0 = Release|Any CPU
	EndGlobalSection
	GlobalSection(SolutionProperties) = preSolution
		HideSolutionNode = FALSE
	EndGlobalSection
	GlobalSection(NestedProjects) = preSolution
		{64706BD6-E473-4834-ACE8-2B02E99E2573} = {827E0CD3-B72D-47B6-A68D-7590B98EB39B}
		{96DFDEC3-8F0C-460E-9960-795F41C7E071} = {827E0CD3-B72D-47B6-A68D-7590B98EB39B}
		{090A2942-48A4-45A5-91FB-0DC555CF4D63} = {827E0CD3-B72D-47B6-A68D-7590B98EB39B}
		{39D7BEF4-61EB-45BC-A25E-59ED811C927C} = {827E0CD3-B72D-47B6-A68D-7590B98EB39B}
		{1EA46542-EDCE-4E61-85D3-92EA93A35142} = {827E0CD3-B72D-47B6-A68D-7590B98EB39B}
		{D05EDADA-5B00-4A80-8841-0CA85ABF0AEE} = {0AB3BF05-4346-4AA6-1389-037BE0695223}
	EndGlobalSection
EndGlobal
